
Microsoft Visual Studio Solution File, Format Version 12.00
# Visual Studio 15
VisualStudioVersion = 15.0.27703.2047
MinimumVisualStudioVersion = 10.0.40219.1
Project("{FAE04EC0-301F-11D3-BF4B-00C04F79EFBC}") = "Dots", "Dots\Dots.csproj", "{B7DCA235-9B51-4EFF-9DCD-7821B7CFCCB4}"
EndProject
Global
	GlobalSection(SolutionConfigurationPlatforms) = preSolution
		Debug|Any CPU = Debug|Any CPU
		Release|Any CPU = Release|Any CPU
	EndGlobalSection
	GlobalSection(ProjectConfigurationPlatforms) = postSolution
		{B7DCA235-9B51-4EFF-9DCD-7821B7CFCCB4}.Debug|Any CPU.ActiveCfg = Debug|Any CPU
		{B7DCA235-9B51-4EFF-9DCD-7821B7CFCCB4}.Debug|Any CPU.Build.0 = Debug|Any CPU
		{B7DCA235-9B51-4EFF-9DCD-7821B7CFCCB4}.Release|Any CPU.ActiveCfg = Release|Any CPU
		{B7DCA235-9B51-4EFF-9DCD-7821B7CFCCB4}.Release|Any CPU.Build.0 = Release|Any CPU
	EndGlobalSection
	GlobalSection(SolutionProperties) = preSolution
		HideSolutionNode = FALSE
	EndGlobalSection
	GlobalSection(ExtensibilityGlobals) = postSolution
		SolutionGuid = {730F78F8-AEAA-46EB-9E0A-9AFB7B1B140A}
	EndGlobalSection
EndGlobal
