
Microsoft Visual Studio Solution File, Format Version 12.00
# Visual Studio 15
VisualStudioVersion = 15.0.27703.2047
MinimumVisualStudioVersion = 10.0.40219.1
Project("{9A19103F-16F7-4668-BE54-9A1E7A4F7556}") = "Dots", "Dots\Dots.csproj", "{B7DCA235-9B51-4EFF-9DCD-7821B7CFCCB4}"
EndProject
Project("{FAE04EC0-301F-11D3-BF4B-00C04F79EFBC}") = "DotsNetFr", "..\DotsNetFr\DotsNetFr.csproj", "{187F4387-E4B1-478E-A40C-12A00FF02CA2}"
EndProject
Project("{FAE04EC0-301F-11D3-BF4B-00C04F79EFBC}") = "Points", "..\Points_win10\Points\Points\Points.csproj", "{3A8B62E0-DEFB-4CFA-8169-B8BA554C6E2B}"
EndProject
Global
	GlobalSection(Performance) = preSolution
		HasPerformanceSessions = true
	EndGlobalSection
	GlobalSection(SolutionConfigurationPlatforms) = preSolution
		Debug|Any CPU = Debug|Any CPU
		Debug|ARM = Debug|ARM
		Debug|x64 = Debug|x64
		Debug|x86 = Debug|x86
		Release|Any CPU = Release|Any CPU
		Release|ARM = Release|ARM
		Release|x64 = Release|x64
		Release|x86 = Release|x86
	EndGlobalSection
	GlobalSection(ProjectConfigurationPlatforms) = postSolution
		{B7DCA235-9B51-4EFF-9DCD-7821B7CFCCB4}.Debug|Any CPU.ActiveCfg = Debug|Any CPU
		{B7DCA235-9B51-4EFF-9DCD-7821B7CFCCB4}.Debug|Any CPU.Build.0 = Debug|Any CPU
		{B7DCA235-9B51-4EFF-9DCD-7821B7CFCCB4}.Debug|ARM.ActiveCfg = Debug|Any CPU
		{B7DCA235-9B51-4EFF-9DCD-7821B7CFCCB4}.Debug|ARM.Build.0 = Debug|Any CPU
		{B7DCA235-9B51-4EFF-9DCD-7821B7CFCCB4}.Debug|x64.ActiveCfg = Debug|Any CPU
		{B7DCA235-9B51-4EFF-9DCD-7821B7CFCCB4}.Debug|x64.Build.0 = Debug|Any CPU
		{B7DCA235-9B51-4EFF-9DCD-7821B7CFCCB4}.Debug|x86.ActiveCfg = Debug|Any CPU
		{B7DCA235-9B51-4EFF-9DCD-7821B7CFCCB4}.Debug|x86.Build.0 = Debug|Any CPU
		{B7DCA235-9B51-4EFF-9DCD-7821B7CFCCB4}.Release|Any CPU.ActiveCfg = Release|Any CPU
		{B7DCA235-9B51-4EFF-9DCD-7821B7CFCCB4}.Release|Any CPU.Build.0 = Release|Any CPU
		{B7DCA235-9B51-4EFF-9DCD-7821B7CFCCB4}.Release|ARM.ActiveCfg = Release|Any CPU
		{B7DCA235-9B51-4EFF-9DCD-7821B7CFCCB4}.Release|ARM.Build.0 = Release|Any CPU
		{B7DCA235-9B51-4EFF-9DCD-7821B7CFCCB4}.Release|x64.ActiveCfg = Release|Any CPU
		{B7DCA235-9B51-4EFF-9DCD-7821B7CFCCB4}.Release|x64.Build.0 = Release|Any CPU
		{B7DCA235-9B51-4EFF-9DCD-7821B7CFCCB4}.Release|x86.ActiveCfg = Release|Any CPU
		{B7DCA235-9B51-4EFF-9DCD-7821B7CFCCB4}.Release|x86.Build.0 = Release|Any CPU
		{187F4387-E4B1-478E-A40C-12A00FF02CA2}.Debug|Any CPU.ActiveCfg = Debug|Any CPU
		{187F4387-E4B1-478E-A40C-12A00FF02CA2}.Debug|Any CPU.Build.0 = Debug|Any CPU
		{187F4387-E4B1-478E-A40C-12A00FF02CA2}.Debug|ARM.ActiveCfg = Debug|Any CPU
		{187F4387-E4B1-478E-A40C-12A00FF02CA2}.Debug|ARM.Build.0 = Debug|Any CPU
		{187F4387-E4B1-478E-A40C-12A00FF02CA2}.Debug|x64.ActiveCfg = Debug|Any CPU
		{187F4387-E4B1-478E-A40C-12A00FF02CA2}.Debug|x64.Build.0 = Debug|Any CPU
		{187F4387-E4B1-478E-A40C-12A00FF02CA2}.Debug|x86.ActiveCfg = Debug|Any CPU
		{187F4387-E4B1-478E-A40C-12A00FF02CA2}.Debug|x86.Build.0 = Debug|Any CPU
		{187F4387-E4B1-478E-A40C-12A00FF02CA2}.Release|Any CPU.ActiveCfg = Release|Any CPU
		{187F4387-E4B1-478E-A40C-12A00FF02CA2}.Release|Any CPU.Build.0 = Release|Any CPU
		{187F4387-E4B1-478E-A40C-12A00FF02CA2}.Release|ARM.ActiveCfg = Release|Any CPU
		{187F4387-E4B1-478E-A40C-12A00FF02CA2}.Release|ARM.Build.0 = Release|Any CPU
		{187F4387-E4B1-478E-A40C-12A00FF02CA2}.Release|x64.ActiveCfg = Release|Any CPU
		{187F4387-E4B1-478E-A40C-12A00FF02CA2}.Release|x64.Build.0 = Release|Any CPU
		{187F4387-E4B1-478E-A40C-12A00FF02CA2}.Release|x86.ActiveCfg = Release|Any CPU
		{187F4387-E4B1-478E-A40C-12A00FF02CA2}.Release|x86.Build.0 = Release|Any CPU
		{3A8B62E0-DEFB-4CFA-8169-B8BA554C6E2B}.Debug|Any CPU.ActiveCfg = Debug|x64
		{3A8B62E0-DEFB-4CFA-8169-B8BA554C6E2B}.Debug|Any CPU.Build.0 = Debug|x64
		{3A8B62E0-DEFB-4CFA-8169-B8BA554C6E2B}.Debug|Any CPU.Deploy.0 = Debug|x64
		{3A8B62E0-DEFB-4CFA-8169-B8BA554C6E2B}.Debug|ARM.ActiveCfg = Debug|ARM
		{3A8B62E0-DEFB-4CFA-8169-B8BA554C6E2B}.Debug|ARM.Build.0 = Debug|ARM
		{3A8B62E0-DEFB-4CFA-8169-B8BA554C6E2B}.Debug|ARM.Deploy.0 = Debug|ARM
		{3A8B62E0-DEFB-4CFA-8169-B8BA554C6E2B}.Debug|x64.ActiveCfg = Debug|x64
		{3A8B62E0-DEFB-4CFA-8169-B8BA554C6E2B}.Debug|x64.Build.0 = Debug|x64
		{3A8B62E0-DEFB-4CFA-8169-B8BA554C6E2B}.Debug|x64.Deploy.0 = Debug|x64
		{3A8B62E0-DEFB-4CFA-8169-B8BA554C6E2B}.Debug|x86.ActiveCfg = Debug|x86
		{3A8B62E0-DEFB-4CFA-8169-B8BA554C6E2B}.Debug|x86.Build.0 = Debug|x86
		{3A8B62E0-DEFB-4CFA-8169-B8BA554C6E2B}.Debug|x86.Deploy.0 = Debug|x86
		{3A8B62E0-DEFB-4CFA-8169-B8BA554C6E2B}.Release|Any CPU.ActiveCfg = Release|x86
		{3A8B62E0-DEFB-4CFA-8169-B8BA554C6E2B}.Release|ARM.ActiveCfg = Release|ARM
		{3A8B62E0-DEFB-4CFA-8169-B8BA554C6E2B}.Release|ARM.Build.0 = Release|ARM
		{3A8B62E0-DEFB-4CFA-8169-B8BA554C6E2B}.Release|ARM.Deploy.0 = Release|ARM
		{3A8B62E0-DEFB-4CFA-8169-B8BA554C6E2B}.Release|x64.ActiveCfg = Release|x64
		{3A8B62E0-DEFB-4CFA-8169-B8BA554C6E2B}.Release|x64.Build.0 = Release|x64
		{3A8B62E0-DEFB-4CFA-8169-B8BA554C6E2B}.Release|x64.Deploy.0 = Release|x64
		{3A8B62E0-DEFB-4CFA-8169-B8BA554C6E2B}.Release|x86.ActiveCfg = Release|x86
		{3A8B62E0-DEFB-4CFA-8169-B8BA554C6E2B}.Release|x86.Build.0 = Release|x86
		{3A8B62E0-DEFB-4CFA-8169-B8BA554C6E2B}.Release|x86.Deploy.0 = Release|x86
	EndGlobalSection
	GlobalSection(SolutionProperties) = preSolution
		HideSolutionNode = FALSE
	EndGlobalSection
	GlobalSection(ExtensibilityGlobals) = postSolution
		SolutionGuid = {730F78F8-AEAA-46EB-9E0A-9AFB7B1B140A}
	EndGlobalSection
EndGlobal
